# THIS IS AN AUTOGENERATED FILE. DO NOT EDIT THIS FILE DIRECTLY.
# yarn lockfile v1


call-bind@^1.0.0, call-bind@^1.0.2:
  version "1.0.2"
  resolved "https://registry.nlark.com/call-bind/download/call-bind-1.0.2.tgz#b1d4e89e688119c3c9a903ad30abb2f6a919be3c"
  integrity sha1-sdTonmiBGcPJqQOtMKuy9qkZvjw=
  dependencies:
    function-bind "^1.1.1"
    get-intrinsic "^1.0.2"

clone@^2.1.1:
  version "2.1.2"
  resolved "https://registry.nlark.com/clone/download/clone-2.1.2.tgz#1b7f4b9f591f1e8f83670401600345a02887435f"
  integrity sha1-G39Ln1kfHo+DZwQBYANFoCiHQ18=

deep-equal@^1.0.1:
  version "1.1.1"
  resolved "https://registry.npm.taobao.org/deep-equal/download/deep-equal-1.1.1.tgz#b5c98c942ceffaf7cb051e24e1434a25a2e6076a"
  integrity sha1-tcmMlCzv+vfLBR4k4UNKJaLmB2o=
  dependencies:
    is-arguments "^1.0.4"
    is-date-object "^1.0.1"
    is-regex "^1.0.4"
    object-is "^1.0.1"
    object-keys "^1.1.1"
    regexp.prototype.flags "^1.2.0"

define-properties@^1.1.3:
  version "1.1.3"
  resolved "https://registry.nlark.com/define-properties/download/define-properties-1.1.3.tgz#cf88da6cbee26fe6db7094f61d870cbd84cee9f1"
  integrity sha1-z4jabL7ib+bbcJT2HYcMvYTO6fE=
  dependencies:
    object-keys "^1.0.12"

eventemitter3@^2.0.3:
  version "2.0.3"
  resolved "https://registry.npm.taobao.org/eventemitter3/download/eventemitter3-2.0.3.tgz?cache=0&sync_timestamp=1598517819668&other_urls=https%3A%2F%2Fregistry.npm.taobao.org%2Feventemitter3%2Fdownload%2Feventemitter3-2.0.3.tgz#b5e1079b59fb5e1ba2771c0a993be060a58c99ba"
  integrity sha1-teEHm1n7XhuidxwKmTvgYKWMmbo=

extend@^3.0.2:
  version "3.0.2"
  resolved "https://registry.nlark.com/extend/download/extend-3.0.2.tgz#f8b1136b4071fbd8eb140aff858b1019ec2915fa"
  integrity sha1-+LETa0Bx+9jrFAr/hYsQGewpFfo=

fast-diff@1.1.2:
  version "1.1.2"
  resolved "https://registry.nlark.com/fast-diff/download/fast-diff-1.1.2.tgz#4b62c42b8e03de3f848460b639079920695d0154"
  integrity sha1-S2LEK44D3j+EhGC2OQeZIGldAVQ=

function-bind@^1.1.1:
  version "1.1.1"
  resolved "https://registry.nlark.com/function-bind/download/function-bind-1.1.1.tgz#a56899d3ea3c9bab874bb9773b7c5ede92f4895d"
  integrity sha1-pWiZ0+o8m6uHS7l3O3xe3pL0iV0=

get-intrinsic@^1.0.2:
  version "1.1.1"
  resolved "https://registry.npm.taobao.org/get-intrinsic/download/get-intrinsic-1.1.1.tgz?cache=0&sync_timestamp=1612364352840&other_urls=https%3A%2F%2Fregistry.npm.taobao.org%2Fget-intrinsic%2Fdownload%2Fget-intrinsic-1.1.1.tgz#15f59f376f855c446963948f0d24cd3637b4abc6"
  integrity sha1-FfWfN2+FXERpY5SPDSTNNje0q8Y=
  dependencies:
    function-bind "^1.1.1"
    has "^1.0.3"
    has-symbols "^1.0.1"

has-symbols@^1.0.1, has-symbols@^1.0.2:
  version "1.0.2"
  resolved "https://registry.npm.taobao.org/has-symbols/download/has-symbols-1.0.2.tgz#165d3070c00309752a1236a479331e3ac56f1423"
  integrity sha1-Fl0wcMADCXUqEjakeTMeOsVvFCM=

has@^1.0.3:
  version "1.0.3"
  resolved "https://registry.nlark.com/has/download/has-1.0.3.tgz#722d7cbfc1f6aa8241f16dd814e011e1f41e8796"
  integrity sha1-ci18v8H2qoJB8W3YFOAR4fQeh5Y=
  dependencies:
    function-bind "^1.1.1"

is-arguments@^1.0.4:
  version "1.1.0"
  resolved "https://registry.npm.taobao.org/is-arguments/download/is-arguments-1.1.0.tgz#62353031dfbee07ceb34656a6bde59efecae8dd9"
  integrity sha1-YjUwMd++4HzrNGVqa95Z7+yujdk=
  dependencies:
    call-bind "^1.0.0"

is-date-object@^1.0.1:
  version "1.0.4"
  resolved "https://registry.nlark.com/is-date-object/download/is-date-object-1.0.4.tgz#550cfcc03afada05eea3dd30981c7b09551f73e5"
  integrity sha1-VQz8wDr62gXuo90wmBx7CVUfc+U=

is-regex@^1.0.4:
  version "1.1.3"
  resolved "https://registry.nlark.com/is-regex/download/is-regex-1.1.3.tgz#d029f9aff6448b93ebbe3f33dac71511fdcbef9f"
  integrity sha1-0Cn5r/ZEi5Prvj8z2scVEf3L758=
  dependencies:
    call-bind "^1.0.2"
    has-symbols "^1.0.2"

object-assign@^4.1.1:
  version "4.1.1"
  resolved "https://registry.nlark.com/object-assign/download/object-assign-4.1.1.tgz#2109adc7965887cfc05cbbd442cac8bfbb360863"
  integrity sha1-IQmtx5ZYh8/AXLvUQsrIv7s2CGM=

object-is@^1.0.1:
  version "1.1.5"
  resolved "https://registry.nlark.com/object-is/download/object-is-1.1.5.tgz#b9deeaa5fc7f1846a0faecdceec138e5778f53ac"
  integrity sha1-ud7qpfx/GEag+uzc7sE45XePU6w=
  dependencies:
    call-bind "^1.0.2"
    define-properties "^1.1.3"

object-keys@^1.0.12, object-keys@^1.1.1:
  version "1.1.1"
  resolved "https://registry.nlark.com/object-keys/download/object-keys-1.1.1.tgz#1c47f272df277f3b1daf061677d9c82e2322c60e"
  integrity sha1-HEfyct8nfzsdrwYWd9nILiMixg4=

parchment@^1.1.4:
  version "1.1.4"
  resolved "https://registry.nlark.com/parchment/download/parchment-1.1.4.tgz#aeded7ab938fe921d4c34bc339ce1168bc2ffde5"
  integrity sha1-rt7Xq5OP6SHUw0vDOc4RaLwv/eU=

quill-delta@^3.6.2:
  version "3.6.3"
  resolved "https://registry.npm.taobao.org/quill-delta/download/quill-delta-3.6.3.tgz#b19fd2b89412301c60e1ff213d8d860eac0f1032"
  integrity sha1-sZ/SuJQSMBxg4f8hPY2GDqwPEDI=
  dependencies:
    deep-equal "^1.0.1"
    extend "^3.0.2"
    fast-diff "1.1.2"

quill@^1.3.4:
  version "1.3.7"
  resolved "https://registry.npm.taobao.org/quill/download/quill-1.3.7.tgz#da5b2f3a2c470e932340cdbf3668c9f21f9286e8"
  integrity sha1-2lsvOixHDpMjQM2/NmjJ8h+Shug=
  dependencies:
    clone "^2.1.1"
    deep-equal "^1.0.1"
    eventemitter3 "^2.0.3"
    extend "^3.0.2"
    parchment "^1.1.4"
    quill-delta "^3.6.2"

regexp.prototype.flags@^1.2.0:
  version "1.3.1"
  resolved "https://registry.nlark.com/regexp.prototype.flags/download/regexp.prototype.flags-1.3.1.tgz#7ef352ae8d159e758c0eadca6f8fcb4eef07be26"
  integrity sha1-fvNSro0VnnWMDq3Kb4/LTu8HviY=
  dependencies:
    call-bind "^1.0.2"
    define-properties "^1.1.3"

vue-quill-editor@^3.0.6:
  version "3.0.6"
  resolved "https://registry.nlark.com/vue-quill-editor/download/vue-quill-editor-3.0.6.tgz#1f85646211d68a31a80a72cb7f45bb2f119bc8fb"
  integrity sha1-H4VkYhHWijGoCnLLf0W7LxGbyPs=
  dependencies:
    object-assign "^4.1.1"
    quill "^1.3.4"
